
Microsoft Visual Studio Solution File, Format Version 12.00
# Visual Studio Version 17
VisualStudioVersion = 17.4.33103.184
MinimumVisualStudioVersion = 10.0.40219.1
Project("{2150E333-8FDC-42A3-9474-1A3956D46DE8}") = "01 DATA", "01 DATA", "{B5A8FAC6-5713-4609-933B-79DE7C86C4EB}"
EndProject
Project("{2150E333-8FDC-42A3-9474-1A3956D46DE8}") = "02 INFRAESTRUCTURE", "02 INFRAESTRUCTURE", "{E7690DD7-5909-444D-A866-4E2D2FE913A0}"
EndProject
Project("{2150E333-8FDC-42A3-9474-1A3956D46DE8}") = "03 BUSINESS", "03 BUSINESS", "{B175B790-52A3-4808-9DF2-3067BE0AFF39}"
EndProject
Project("{2150E333-8FDC-42A3-9474-1A3956D46DE8}") = "04 API", "04 API", "{4029127D-56FF-4CFE-A46F-8F1F7FFF2FC9}"
EndProject
Project("{2150E333-8FDC-42A3-9474-1A3956D46DE8}") = "05 WEB", "05 WEB", "{030512B0-8B56-41A2-AA79-723C9B701F1E}"
EndProject
Project("{FAE04EC0-301F-11D3-BF4B-00C04F79EFBC}") = "OnClick.Data", "OnClick.Data\OnClick.Data.csproj", "{EA46D3B6-AA0C-4BFB-BCD4-CEC0CC1B4D62}"
EndProject
Project("{FAE04EC0-301F-11D3-BF4B-00C04F79EFBC}") = "OnClick.Infraestructure", "OnClick.Infraestructure\OnClick.Infraestructure.csproj", "{8CA1C4A0-8A51-4BFB-AC5A-61AE7A9C9192}"
EndProject
Project("{FAE04EC0-301F-11D3-BF4B-00C04F79EFBC}") = "OnClick.Business", "OnClick.Business\OnClick.Business.csproj", "{D0930BA1-9E00-49B7-A4D7-1B231F68923B}"
EndProject
Project("{FAE04EC0-301F-11D3-BF4B-00C04F79EFBC}") = "OnClick.Api", "OnClick.Api\OnClick.Api.csproj", "{4DDB4061-FCF3-476F-8DAD-9E9B729E3A38}"
EndProject
Project("{FAE04EC0-301F-11D3-BF4B-00C04F79EFBC}") = "OnClick.Web", "OnClick.Web\OnClick.Web.csproj", "{7692136A-608C-4C94-83AF-6A13C4DE617B}"
EndProject
Global
	GlobalSection(SolutionConfigurationPlatforms) = preSolution
		Debug|Any CPU = Debug|Any CPU
		Release|Any CPU = Release|Any CPU
	EndGlobalSection
	GlobalSection(ProjectConfigurationPlatforms) = postSolution
		{EA46D3B6-AA0C-4BFB-BCD4-CEC0CC1B4D62}.Debug|Any CPU.ActiveCfg = Debug|Any CPU
		{EA46D3B6-AA0C-4BFB-BCD4-CEC0CC1B4D62}.Debug|Any CPU.Build.0 = Debug|Any CPU
		{EA46D3B6-AA0C-4BFB-BCD4-CEC0CC1B4D62}.Release|Any CPU.ActiveCfg = Release|Any CPU
		{EA46D3B6-AA0C-4BFB-BCD4-CEC0CC1B4D62}.Release|Any CPU.Build.0 = Release|Any CPU
		{8CA1C4A0-8A51-4BFB-AC5A-61AE7A9C9192}.Debug|Any CPU.ActiveCfg = Debug|Any CPU
		{8CA1C4A0-8A51-4BFB-AC5A-61AE7A9C9192}.Debug|Any CPU.Build.0 = Debug|Any CPU
		{8CA1C4A0-8A51-4BFB-AC5A-61AE7A9C9192}.Release|Any CPU.ActiveCfg = Release|Any CPU
		{8CA1C4A0-8A51-4BFB-AC5A-61AE7A9C9192}.Release|Any CPU.Build.0 = Release|Any CPU
		{D0930BA1-9E00-49B7-A4D7-1B231F68923B}.Debug|Any CPU.ActiveCfg = Debug|Any CPU
		{D0930BA1-9E00-49B7-A4D7-1B231F68923B}.Debug|Any CPU.Build.0 = Debug|Any CPU
		{D0930BA1-9E00-49B7-A4D7-1B231F68923B}.Release|Any CPU.ActiveCfg = Release|Any CPU
		{D0930BA1-9E00-49B7-A4D7-1B231F68923B}.Release|Any CPU.Build.0 = Release|Any CPU
		{4DDB4061-FCF3-476F-8DAD-9E9B729E3A38}.Debug|Any CPU.ActiveCfg = Debug|Any CPU
		{4DDB4061-FCF3-476F-8DAD-9E9B729E3A38}.Debug|Any CPU.Build.0 = Debug|Any CPU
		{4DDB4061-FCF3-476F-8DAD-9E9B729E3A38}.Release|Any CPU.ActiveCfg = Release|Any CPU
		{4DDB4061-FCF3-476F-8DAD-9E9B729E3A38}.Release|Any CPU.Build.0 = Release|Any CPU
		{7692136A-608C-4C94-83AF-6A13C4DE617B}.Debug|Any CPU.ActiveCfg = Debug|Any CPU
		{7692136A-608C-4C94-83AF-6A13C4DE617B}.Debug|Any CPU.Build.0 = Debug|Any CPU
		{7692136A-608C-4C94-83AF-6A13C4DE617B}.Release|Any CPU.ActiveCfg = Release|Any CPU
		{7692136A-608C-4C94-83AF-6A13C4DE617B}.Release|Any CPU.Build.0 = Release|Any CPU
	EndGlobalSection
	GlobalSection(SolutionProperties) = preSolution
		HideSolutionNode = FALSE
	EndGlobalSection
	GlobalSection(NestedProjects) = preSolution
		{EA46D3B6-AA0C-4BFB-BCD4-CEC0CC1B4D62} = {B5A8FAC6-5713-4609-933B-79DE7C86C4EB}
		{8CA1C4A0-8A51-4BFB-AC5A-61AE7A9C9192} = {E7690DD7-5909-444D-A866-4E2D2FE913A0}
		{D0930BA1-9E00-49B7-A4D7-1B231F68923B} = {B175B790-52A3-4808-9DF2-3067BE0AFF39}
		{4DDB4061-FCF3-476F-8DAD-9E9B729E3A38} = {4029127D-56FF-4CFE-A46F-8F1F7FFF2FC9}
		{7692136A-608C-4C94-83AF-6A13C4DE617B} = {030512B0-8B56-41A2-AA79-723C9B701F1E}
	EndGlobalSection
	GlobalSection(ExtensibilityGlobals) = postSolution
		SolutionGuid = {706E648A-D462-415A-8197-10DEB05BFD9E}
	EndGlobalSection
EndGlobal
